
Microsoft Visual Studio Solution File, Format Version 12.00
# Visual Studio Version 16
VisualStudioVersion = 16.0.30717.126
MinimumVisualStudioVersion = 10.0.40219.1
Project("{2150E333-8FDC-42A3-9474-1A3956D46DE8}") = "Socket", "Socket", "{A2496268-D3B0-4AF1-A385-0D640469154F}"
EndProject
Project("{9A19103F-16F7-4668-BE54-9A1E7A4F7556}") = "SocketClient", "SocketClient\SocketClient.csproj", "{2184E902-D9B2-438A-9CA9-031821D520FE}"
EndProject
Project("{9A19103F-16F7-4668-BE54-9A1E7A4F7556}") = "SocketService", "SocketService\SocketService.csproj", "{DB86D055-8C45-446A-AAB8-821BE7D33DA6}"
EndProject
Project("{2150E333-8FDC-42A3-9474-1A3956D46DE8}") = "Microservice", "Microservice", "{81810253-49BA-448C-AA14-E01C560F85E8}"
	ProjectSection(SolutionItems) = preProject
		微服务.md = 微服务.md
	EndProjectSection
EndProject
Project("{9A19103F-16F7-4668-BE54-9A1E7A4F7556}") = "Student_Microservice", "Student_Microservice\Student_Microservice.csproj", "{A20E0A58-E5E8-44E7-ADDA-308D17ABF019}"
EndProject
Project("{9A19103F-16F7-4668-BE54-9A1E7A4F7556}") = "Classroom_Microservice", "Classroom_Microservice\Classroom_Microservice.csproj", "{868724D6-00EC-4B3F-B2D8-AEB90C01BEEB}"
EndProject
Project("{9A19103F-16F7-4668-BE54-9A1E7A4F7556}") = "StudentClassroom_AggregationMicroservice", "StudentClassroom_AggregationMicroservice\StudentClassroom_AggregationMicroservice.csproj", "{3E485532-492C-49C2-BD33-BC3C77759818}"
EndProject
Project("{9A19103F-16F7-4668-BE54-9A1E7A4F7556}") = "Common_Microservice", "Common_Microservice\Common_Microservice.csproj", "{8AE01A7E-AE68-46ED-B9C3-F645E74F65B8}"
EndProject
Project("{9A19103F-16F7-4668-BE54-9A1E7A4F7556}") = "Microservice_Gateway", "Microservice_Gateway\Microservice_Gateway.csproj", "{344EC37F-83EC-46FB-A3EB-EC4CDFE4A7EE}"
EndProject
Project("{2150E333-8FDC-42A3-9474-1A3956D46DE8}") = "Cache", "Cache", "{1D209FDB-F244-4F1F-909F-BA68E79C6D5A}"
	ProjectSection(SolutionItems) = preProject
		缓存.md = 缓存.md
	EndProjectSection
EndProject
Project("{9A19103F-16F7-4668-BE54-9A1E7A4F7556}") = "CustomCache", "CustomCache\CustomCache.csproj", "{9A409D68-E4AE-44C1-BE93-A7F4823ED8A7}"
EndProject
Project("{2150E333-8FDC-42A3-9474-1A3956D46DE8}") = "Autofac", "Autofac", "{494FA18E-4AE9-429F-A48F-DFB7EDDCED4F}"
	ProjectSection(SolutionItems) = preProject
		.gitignore = .gitignore
		AOP.md = AOP.md
		IOC.md = IOC.md
	EndProjectSection
EndProject
Project("{9A19103F-16F7-4668-BE54-9A1E7A4F7556}") = "AutofacIServices", "IServices\AutofacIServices.csproj", "{B22740FA-4E9E-4876-BD09-A538B1A2DC65}"
EndProject
Project("{9A19103F-16F7-4668-BE54-9A1E7A4F7556}") = "AutofacServices", "Services\AutofacServices.csproj", "{0358DD9D-4299-4711-BEDF-EF3DA8F0850F}"
EndProject
Project("{9A19103F-16F7-4668-BE54-9A1E7A4F7556}") = "AutofacWeb", "AutofacWeb\AutofacWeb.csproj", "{9298A086-7789-4280-8B9B-6AD8CBB713D7}"
EndProject
Project("{2150E333-8FDC-42A3-9474-1A3956D46DE8}") = "Log4Net", "Log4Net", "{02CBAA91-64A0-4AF9-935B-4886319DB5B4}"
EndProject
Project("{9A19103F-16F7-4668-BE54-9A1E7A4F7556}") = "Log4NetWeb", "Log4NetWeb\Log4NetWeb.csproj", "{AB1B9210-BCB8-4F33-8EF9-9FC313CDADB8}"
EndProject
Project("{2150E333-8FDC-42A3-9474-1A3956D46DE8}") = "Solution Items", "Solution Items", "{E7D4A471-D287-4A5E-98A2-0C5A5EDCAF9E}"
	ProjectSection(SolutionItems) = preProject
		.gitignore = .gitignore
	EndProjectSection
EndProject
Project("{2150E333-8FDC-42A3-9474-1A3956D46DE8}") = "SuperSocket", "SuperSocket", "{67AF768D-814E-4CA7-B849-8A4C20CD205B}"
	ProjectSection(SolutionItems) = preProject
		SuperSocket.md = SuperSocket.md
	EndProjectSection
EndProject
Project("{FAE04EC0-301F-11D3-BF4B-00C04F79EFBC}") = "SuperSocketService", "SuperSocketService\SuperSocketService.csproj", "{C5DDE3F5-C0B9-46B2-8B1F-C90E0D336261}"
EndProject
Project("{2150E333-8FDC-42A3-9474-1A3956D46DE8}") = "WebSocket", "WebSocket", "{B108037C-D3F4-404D-9034-DCDB0ABD54E5}"
EndProject
Project("{FAE04EC0-301F-11D3-BF4B-00C04F79EFBC}") = "WebSocketServer", "WebSocketServer\WebSocketServer.csproj", "{0A97FA20-F9E8-4CDD-99BE-9173BFA1FC86}"
EndProject
Project("{2150E333-8FDC-42A3-9474-1A3956D46DE8}") = "其他笔记", "其他笔记", "{9594BF31-20C1-44DD-9F60-B556B548D938}"
	ProjectSection(SolutionItems) = preProject
		Docker.md = Docker.md
		数据结构.md = 数据结构.md
	EndProjectSection
EndProject
Project("{2150E333-8FDC-42A3-9474-1A3956D46DE8}") = "GOF", "GOF", "{703104D2-1DD1-49AE-813B-4A6C78F6CC55}"
	ProjectSection(SolutionItems) = preProject
		设计原则.md = 设计原则.md
	EndProjectSection
EndProject
Project("{2150E333-8FDC-42A3-9474-1A3956D46DE8}") = "CreationalPatterns", "CreationalPatterns", "{6810964E-C03C-4AF4-B974-A45D895BB6EA}"
	ProjectSection(SolutionItems) = preProject
		创建型设计模式.md = 创建型设计模式.md
	EndProjectSection
EndProject
Project("{2150E333-8FDC-42A3-9474-1A3956D46DE8}") = "BehavioralPatterns", "BehavioralPatterns", "{F58A6DBD-6FAD-4171-9465-9FEDA8558A11}"
EndProject
Project("{2150E333-8FDC-42A3-9474-1A3956D46DE8}") = "DesignPatterns", "DesignPatterns", "{870C5017-56D2-448B-95FE-FB577FBF3FBD}"
EndProject
Project("{9A19103F-16F7-4668-BE54-9A1E7A4F7556}") = "SimpleFactory", "SimpleFactory\SimpleFactory.csproj", "{CA454A30-9FDB-46E4-AFA5-F589D6B555FA}"
EndProject
Project("{9A19103F-16F7-4668-BE54-9A1E7A4F7556}") = "StrategyPattern", "StrategyPattern\StrategyPattern.csproj", "{D0FE2214-67F9-4AC7-824F-FD08AC12FA72}"
EndProject
Project("{9A19103F-16F7-4668-BE54-9A1E7A4F7556}") = "DecoratorPattern", "DecoratorPattern\DecoratorPattern.csproj", "{282CF911-A191-4B34-B4A8-0C7F3A5636E2}"
EndProject
Project("{9A19103F-16F7-4668-BE54-9A1E7A4F7556}") = "ProxyPattern", "ProxyPattern\ProxyPattern.csproj", "{54F2ED91-4CD5-4E5B-9262-E16304C48CD1}"
EndProject
Project("{9A19103F-16F7-4668-BE54-9A1E7A4F7556}") = "PrototypePattern", "PrototypePattern\PrototypePattern.csproj", "{AA82490B-89BC-433A-9532-D400980D84EA}"
EndProject
Project("{9A19103F-16F7-4668-BE54-9A1E7A4F7556}") = "FactoryMethodPattern", "FactorMethodPattern\FactoryMethodPattern.csproj", "{5FCC6FD0-9BEF-40F3-A192-5AC37A944A8F}"
EndProject
Project("{9A19103F-16F7-4668-BE54-9A1E7A4F7556}") = "TemplateMethodPattern", "TemplateMethodPattern\TemplateMethodPattern.csproj", "{EAF25B5D-C1BD-4543-B26A-84BAAA7B4808}"
EndProject
Project("{9A19103F-16F7-4668-BE54-9A1E7A4F7556}") = "FacadePattern", "FacadePattern\FacadePattern.csproj", "{E059B3B1-25E9-4664-80D3-3F18119AA61A}"
EndProject
Project("{9A19103F-16F7-4668-BE54-9A1E7A4F7556}") = "BuilderPattern", "BuilderPattern\BuilderPattern.csproj", "{4D1D9565-07A4-4EE6-B113-E02942B7996A}"
EndProject
Project("{9A19103F-16F7-4668-BE54-9A1E7A4F7556}") = "ObserverPattern", "ObserverPattern\ObserverPattern.csproj", "{4C15C901-644D-4707-A31B-DED6686551D9}"
EndProject
Project("{9A19103F-16F7-4668-BE54-9A1E7A4F7556}") = "AbstractFactorPattern", "AbstractFactorPattern\AbstractFactorPattern.csproj", "{60880F22-E0B4-42ED-8F8E-56DB853B44CB}"
EndProject
Project("{9A19103F-16F7-4668-BE54-9A1E7A4F7556}") = "StatePattern", "StatePattern\StatePattern.csproj", "{BC55340E-DB40-4E2F-A6FC-4958C19FE05D}"
EndProject
Project("{9A19103F-16F7-4668-BE54-9A1E7A4F7556}") = "AdapterPattern", "AdapterPattern\AdapterPattern.csproj", "{10FECD94-50C6-4609-AADA-D75491D79F2F}"
EndProject
Project("{9A19103F-16F7-4668-BE54-9A1E7A4F7556}") = "MemoPattern", "MemoPattern\MemoPattern.csproj", "{48892C15-F542-4156-B449-82874D0309B3}"
EndProject
Project("{9A19103F-16F7-4668-BE54-9A1E7A4F7556}") = "CompsitePattern", "CompsitePattern\CompsitePattern.csproj", "{0725F719-C274-45B5-A180-AA8DA3450F13}"
EndProject
Project("{9A19103F-16F7-4668-BE54-9A1E7A4F7556}") = "IteratorPattern", "IteratorPattern\IteratorPattern.csproj", "{27FB0DDA-9EBE-4C3B-9885-D120A62B29E0}"
EndProject
Project("{9A19103F-16F7-4668-BE54-9A1E7A4F7556}") = "SingletonPattern", "SingletonPattern\SingletonPattern.csproj", "{A4AAFEBB-BA61-40F7-B6D2-4096EC871ED2}"
EndProject
Project("{9A19103F-16F7-4668-BE54-9A1E7A4F7556}") = "BridgePattern", "BridgePattern\BridgePattern.csproj", "{827EEEDE-5249-4077-A7F0-8863846EB9AB}"
EndProject
Project("{9A19103F-16F7-4668-BE54-9A1E7A4F7556}") = "CommandPattern", "CommandPattern\CommandPattern.csproj", "{58C31CB5-CF96-4FB1-AFD4-5369C2F08CE3}"
EndProject
Project("{9A19103F-16F7-4668-BE54-9A1E7A4F7556}") = "ChainOfResponsibilityPattern", "ChainOfResponsibilityPattern\ChainOfResponsibilityPattern.csproj", "{CD5F8CD0-D3D0-4E48-9D64-80117D2D0D72}"
EndProject
Project("{FAE04EC0-301F-11D3-BF4B-00C04F79EFBC}") = "MediatorPattern", "MediatorPattern\MediatorPattern.csproj", "{C6EF75B5-2743-4A97-9A3B-878A9F76D683}"
EndProject
Global
	GlobalSection(SolutionConfigurationPlatforms) = preSolution
		Debug|Any CPU = Debug|Any CPU
		Release|Any CPU = Release|Any CPU
	EndGlobalSection
	GlobalSection(ProjectConfigurationPlatforms) = postSolution
		{2184E902-D9B2-438A-9CA9-031821D520FE}.Debug|Any CPU.ActiveCfg = Debug|Any CPU
		{2184E902-D9B2-438A-9CA9-031821D520FE}.Debug|Any CPU.Build.0 = Debug|Any CPU
		{2184E902-D9B2-438A-9CA9-031821D520FE}.Release|Any CPU.ActiveCfg = Release|Any CPU
		{2184E902-D9B2-438A-9CA9-031821D520FE}.Release|Any CPU.Build.0 = Release|Any CPU
		{DB86D055-8C45-446A-AAB8-821BE7D33DA6}.Debug|Any CPU.ActiveCfg = Debug|Any CPU
		{DB86D055-8C45-446A-AAB8-821BE7D33DA6}.Debug|Any CPU.Build.0 = Debug|Any CPU
		{DB86D055-8C45-446A-AAB8-821BE7D33DA6}.Release|Any CPU.ActiveCfg = Release|Any CPU
		{DB86D055-8C45-446A-AAB8-821BE7D33DA6}.Release|Any CPU.Build.0 = Release|Any CPU
		{A20E0A58-E5E8-44E7-ADDA-308D17ABF019}.Debug|Any CPU.ActiveCfg = Debug|Any CPU
		{A20E0A58-E5E8-44E7-ADDA-308D17ABF019}.Debug|Any CPU.Build.0 = Debug|Any CPU
		{A20E0A58-E5E8-44E7-ADDA-308D17ABF019}.Release|Any CPU.ActiveCfg = Release|Any CPU
		{A20E0A58-E5E8-44E7-ADDA-308D17ABF019}.Release|Any CPU.Build.0 = Release|Any CPU
		{868724D6-00EC-4B3F-B2D8-AEB90C01BEEB}.Debug|Any CPU.ActiveCfg = Debug|Any CPU
		{868724D6-00EC-4B3F-B2D8-AEB90C01BEEB}.Debug|Any CPU.Build.0 = Debug|Any CPU
		{868724D6-00EC-4B3F-B2D8-AEB90C01BEEB}.Release|Any CPU.ActiveCfg = Release|Any CPU
		{868724D6-00EC-4B3F-B2D8-AEB90C01BEEB}.Release|Any CPU.Build.0 = Release|Any CPU
		{3E485532-492C-49C2-BD33-BC3C77759818}.Debug|Any CPU.ActiveCfg = Debug|Any CPU
		{3E485532-492C-49C2-BD33-BC3C77759818}.Debug|Any CPU.Build.0 = Debug|Any CPU
		{3E485532-492C-49C2-BD33-BC3C77759818}.Release|Any CPU.ActiveCfg = Release|Any CPU
		{3E485532-492C-49C2-BD33-BC3C77759818}.Release|Any CPU.Build.0 = Release|Any CPU
		{8AE01A7E-AE68-46ED-B9C3-F645E74F65B8}.Debug|Any CPU.ActiveCfg = Debug|Any CPU
		{8AE01A7E-AE68-46ED-B9C3-F645E74F65B8}.Debug|Any CPU.Build.0 = Debug|Any CPU
		{8AE01A7E-AE68-46ED-B9C3-F645E74F65B8}.Release|Any CPU.ActiveCfg = Release|Any CPU
		{8AE01A7E-AE68-46ED-B9C3-F645E74F65B8}.Release|Any CPU.Build.0 = Release|Any CPU
		{344EC37F-83EC-46FB-A3EB-EC4CDFE4A7EE}.Debug|Any CPU.ActiveCfg = Debug|Any CPU
		{344EC37F-83EC-46FB-A3EB-EC4CDFE4A7EE}.Debug|Any CPU.Build.0 = Debug|Any CPU
		{344EC37F-83EC-46FB-A3EB-EC4CDFE4A7EE}.Release|Any CPU.ActiveCfg = Release|Any CPU
		{344EC37F-83EC-46FB-A3EB-EC4CDFE4A7EE}.Release|Any CPU.Build.0 = Release|Any CPU
		{9A409D68-E4AE-44C1-BE93-A7F4823ED8A7}.Debug|Any CPU.ActiveCfg = Debug|Any CPU
		{9A409D68-E4AE-44C1-BE93-A7F4823ED8A7}.Debug|Any CPU.Build.0 = Debug|Any CPU
		{9A409D68-E4AE-44C1-BE93-A7F4823ED8A7}.Release|Any CPU.ActiveCfg = Release|Any CPU
		{9A409D68-E4AE-44C1-BE93-A7F4823ED8A7}.Release|Any CPU.Build.0 = Release|Any CPU
		{B22740FA-4E9E-4876-BD09-A538B1A2DC65}.Debug|Any CPU.ActiveCfg = Debug|Any CPU
		{B22740FA-4E9E-4876-BD09-A538B1A2DC65}.Debug|Any CPU.Build.0 = Debug|Any CPU
		{B22740FA-4E9E-4876-BD09-A538B1A2DC65}.Release|Any CPU.ActiveCfg = Release|Any CPU
		{B22740FA-4E9E-4876-BD09-A538B1A2DC65}.Release|Any CPU.Build.0 = Release|Any CPU
		{0358DD9D-4299-4711-BEDF-EF3DA8F0850F}.Debug|Any CPU.ActiveCfg = Debug|Any CPU
		{0358DD9D-4299-4711-BEDF-EF3DA8F0850F}.Debug|Any CPU.Build.0 = Debug|Any CPU
		{0358DD9D-4299-4711-BEDF-EF3DA8F0850F}.Release|Any CPU.ActiveCfg = Release|Any CPU
		{0358DD9D-4299-4711-BEDF-EF3DA8F0850F}.Release|Any CPU.Build.0 = Release|Any CPU
		{9298A086-7789-4280-8B9B-6AD8CBB713D7}.Debug|Any CPU.ActiveCfg = Debug|Any CPU
		{9298A086-7789-4280-8B9B-6AD8CBB713D7}.Debug|Any CPU.Build.0 = Debug|Any CPU
		{9298A086-7789-4280-8B9B-6AD8CBB713D7}.Release|Any CPU.ActiveCfg = Release|Any CPU
		{9298A086-7789-4280-8B9B-6AD8CBB713D7}.Release|Any CPU.Build.0 = Release|Any CPU
		{AB1B9210-BCB8-4F33-8EF9-9FC313CDADB8}.Debug|Any CPU.ActiveCfg = Debug|Any CPU
		{AB1B9210-BCB8-4F33-8EF9-9FC313CDADB8}.Debug|Any CPU.Build.0 = Debug|Any CPU
		{AB1B9210-BCB8-4F33-8EF9-9FC313CDADB8}.Release|Any CPU.ActiveCfg = Release|Any CPU
		{AB1B9210-BCB8-4F33-8EF9-9FC313CDADB8}.Release|Any CPU.Build.0 = Release|Any CPU
		{C5DDE3F5-C0B9-46B2-8B1F-C90E0D336261}.Debug|Any CPU.ActiveCfg = Debug|Any CPU
		{C5DDE3F5-C0B9-46B2-8B1F-C90E0D336261}.Debug|Any CPU.Build.0 = Debug|Any CPU
		{C5DDE3F5-C0B9-46B2-8B1F-C90E0D336261}.Release|Any CPU.ActiveCfg = Release|Any CPU
		{C5DDE3F5-C0B9-46B2-8B1F-C90E0D336261}.Release|Any CPU.Build.0 = Release|Any CPU
		{0A97FA20-F9E8-4CDD-99BE-9173BFA1FC86}.Debug|Any CPU.ActiveCfg = Debug|Any CPU
		{0A97FA20-F9E8-4CDD-99BE-9173BFA1FC86}.Debug|Any CPU.Build.0 = Debug|Any CPU
		{0A97FA20-F9E8-4CDD-99BE-9173BFA1FC86}.Release|Any CPU.ActiveCfg = Release|Any CPU
		{0A97FA20-F9E8-4CDD-99BE-9173BFA1FC86}.Release|Any CPU.Build.0 = Release|Any CPU
		{CA454A30-9FDB-46E4-AFA5-F589D6B555FA}.Debug|Any CPU.ActiveCfg = Debug|Any CPU
		{CA454A30-9FDB-46E4-AFA5-F589D6B555FA}.Debug|Any CPU.Build.0 = Debug|Any CPU
		{CA454A30-9FDB-46E4-AFA5-F589D6B555FA}.Release|Any CPU.ActiveCfg = Release|Any CPU
		{CA454A30-9FDB-46E4-AFA5-F589D6B555FA}.Release|Any CPU.Build.0 = Release|Any CPU
		{D0FE2214-67F9-4AC7-824F-FD08AC12FA72}.Debug|Any CPU.ActiveCfg = Debug|Any CPU
		{D0FE2214-67F9-4AC7-824F-FD08AC12FA72}.Debug|Any CPU.Build.0 = Debug|Any CPU
		{D0FE2214-67F9-4AC7-824F-FD08AC12FA72}.Release|Any CPU.ActiveCfg = Release|Any CPU
		{D0FE2214-67F9-4AC7-824F-FD08AC12FA72}.Release|Any CPU.Build.0 = Release|Any CPU
		{282CF911-A191-4B34-B4A8-0C7F3A5636E2}.Debug|Any CPU.ActiveCfg = Debug|Any CPU
		{282CF911-A191-4B34-B4A8-0C7F3A5636E2}.Debug|Any CPU.Build.0 = Debug|Any CPU
		{282CF911-A191-4B34-B4A8-0C7F3A5636E2}.Release|Any CPU.ActiveCfg = Release|Any CPU
		{282CF911-A191-4B34-B4A8-0C7F3A5636E2}.Release|Any CPU.Build.0 = Release|Any CPU
		{54F2ED91-4CD5-4E5B-9262-E16304C48CD1}.Debug|Any CPU.ActiveCfg = Debug|Any CPU
		{54F2ED91-4CD5-4E5B-9262-E16304C48CD1}.Debug|Any CPU.Build.0 = Debug|Any CPU
		{54F2ED91-4CD5-4E5B-9262-E16304C48CD1}.Release|Any CPU.ActiveCfg = Release|Any CPU
		{54F2ED91-4CD5-4E5B-9262-E16304C48CD1}.Release|Any CPU.Build.0 = Release|Any CPU
		{AA82490B-89BC-433A-9532-D400980D84EA}.Debug|Any CPU.ActiveCfg = Debug|Any CPU
		{AA82490B-89BC-433A-9532-D400980D84EA}.Debug|Any CPU.Build.0 = Debug|Any CPU
		{AA82490B-89BC-433A-9532-D400980D84EA}.Release|Any CPU.ActiveCfg = Release|Any CPU
		{AA82490B-89BC-433A-9532-D400980D84EA}.Release|Any CPU.Build.0 = Release|Any CPU
		{5FCC6FD0-9BEF-40F3-A192-5AC37A944A8F}.Debug|Any CPU.ActiveCfg = Debug|Any CPU
		{5FCC6FD0-9BEF-40F3-A192-5AC37A944A8F}.Debug|Any CPU.Build.0 = Debug|Any CPU
		{5FCC6FD0-9BEF-40F3-A192-5AC37A944A8F}.Release|Any CPU.ActiveCfg = Release|Any CPU
		{5FCC6FD0-9BEF-40F3-A192-5AC37A944A8F}.Release|Any CPU.Build.0 = Release|Any CPU
		{EAF25B5D-C1BD-4543-B26A-84BAAA7B4808}.Debug|Any CPU.ActiveCfg = Debug|Any CPU
		{EAF25B5D-C1BD-4543-B26A-84BAAA7B4808}.Debug|Any CPU.Build.0 = Debug|Any CPU
		{EAF25B5D-C1BD-4543-B26A-84BAAA7B4808}.Release|Any CPU.ActiveCfg = Release|Any CPU
		{EAF25B5D-C1BD-4543-B26A-84BAAA7B4808}.Release|Any CPU.Build.0 = Release|Any CPU
		{E059B3B1-25E9-4664-80D3-3F18119AA61A}.Debug|Any CPU.ActiveCfg = Debug|Any CPU
		{E059B3B1-25E9-4664-80D3-3F18119AA61A}.Debug|Any CPU.Build.0 = Debug|Any CPU
		{E059B3B1-25E9-4664-80D3-3F18119AA61A}.Release|Any CPU.ActiveCfg = Release|Any CPU
		{E059B3B1-25E9-4664-80D3-3F18119AA61A}.Release|Any CPU.Build.0 = Release|Any CPU
		{4D1D9565-07A4-4EE6-B113-E02942B7996A}.Debug|Any CPU.ActiveCfg = Debug|Any CPU
		{4D1D9565-07A4-4EE6-B113-E02942B7996A}.Debug|Any CPU.Build.0 = Debug|Any CPU
		{4D1D9565-07A4-4EE6-B113-E02942B7996A}.Release|Any CPU.ActiveCfg = Release|Any CPU
		{4D1D9565-07A4-4EE6-B113-E02942B7996A}.Release|Any CPU.Build.0 = Release|Any CPU
		{4C15C901-644D-4707-A31B-DED6686551D9}.Debug|Any CPU.ActiveCfg = Debug|Any CPU
		{4C15C901-644D-4707-A31B-DED6686551D9}.Debug|Any CPU.Build.0 = Debug|Any CPU
		{4C15C901-644D-4707-A31B-DED6686551D9}.Release|Any CPU.ActiveCfg = Release|Any CPU
		{4C15C901-644D-4707-A31B-DED6686551D9}.Release|Any CPU.Build.0 = Release|Any CPU
		{60880F22-E0B4-42ED-8F8E-56DB853B44CB}.Debug|Any CPU.ActiveCfg = Debug|Any CPU
		{60880F22-E0B4-42ED-8F8E-56DB853B44CB}.Debug|Any CPU.Build.0 = Debug|Any CPU
		{60880F22-E0B4-42ED-8F8E-56DB853B44CB}.Release|Any CPU.ActiveCfg = Release|Any CPU
		{60880F22-E0B4-42ED-8F8E-56DB853B44CB}.Release|Any CPU.Build.0 = Release|Any CPU
		{BC55340E-DB40-4E2F-A6FC-4958C19FE05D}.Debug|Any CPU.ActiveCfg = Debug|Any CPU
		{BC55340E-DB40-4E2F-A6FC-4958C19FE05D}.Debug|Any CPU.Build.0 = Debug|Any CPU
		{BC55340E-DB40-4E2F-A6FC-4958C19FE05D}.Release|Any CPU.ActiveCfg = Release|Any CPU
		{BC55340E-DB40-4E2F-A6FC-4958C19FE05D}.Release|Any CPU.Build.0 = Release|Any CPU
		{10FECD94-50C6-4609-AADA-D75491D79F2F}.Debug|Any CPU.ActiveCfg = Debug|Any CPU
		{10FECD94-50C6-4609-AADA-D75491D79F2F}.Debug|Any CPU.Build.0 = Debug|Any CPU
		{10FECD94-50C6-4609-AADA-D75491D79F2F}.Release|Any CPU.ActiveCfg = Release|Any CPU
		{10FECD94-50C6-4609-AADA-D75491D79F2F}.Release|Any CPU.Build.0 = Release|Any CPU
		{48892C15-F542-4156-B449-82874D0309B3}.Debug|Any CPU.ActiveCfg = Debug|Any CPU
		{48892C15-F542-4156-B449-82874D0309B3}.Debug|Any CPU.Build.0 = Debug|Any CPU
		{48892C15-F542-4156-B449-82874D0309B3}.Release|Any CPU.ActiveCfg = Release|Any CPU
		{48892C15-F542-4156-B449-82874D0309B3}.Release|Any CPU.Build.0 = Release|Any CPU
		{0725F719-C274-45B5-A180-AA8DA3450F13}.Debug|Any CPU.ActiveCfg = Debug|Any CPU
		{0725F719-C274-45B5-A180-AA8DA3450F13}.Debug|Any CPU.Build.0 = Debug|Any CPU
		{0725F719-C274-45B5-A180-AA8DA3450F13}.Release|Any CPU.ActiveCfg = Release|Any CPU
		{0725F719-C274-45B5-A180-AA8DA3450F13}.Release|Any CPU.Build.0 = Release|Any CPU
		{27FB0DDA-9EBE-4C3B-9885-D120A62B29E0}.Debug|Any CPU.ActiveCfg = Debug|Any CPU
		{27FB0DDA-9EBE-4C3B-9885-D120A62B29E0}.Debug|Any CPU.Build.0 = Debug|Any CPU
		{27FB0DDA-9EBE-4C3B-9885-D120A62B29E0}.Release|Any CPU.ActiveCfg = Release|Any CPU
		{27FB0DDA-9EBE-4C3B-9885-D120A62B29E0}.Release|Any CPU.Build.0 = Release|Any CPU
		{A4AAFEBB-BA61-40F7-B6D2-4096EC871ED2}.Debug|Any CPU.ActiveCfg = Debug|Any CPU
		{A4AAFEBB-BA61-40F7-B6D2-4096EC871ED2}.Debug|Any CPU.Build.0 = Debug|Any CPU
		{A4AAFEBB-BA61-40F7-B6D2-4096EC871ED2}.Release|Any CPU.ActiveCfg = Release|Any CPU
		{A4AAFEBB-BA61-40F7-B6D2-4096EC871ED2}.Release|Any CPU.Build.0 = Release|Any CPU
		{827EEEDE-5249-4077-A7F0-8863846EB9AB}.Debug|Any CPU.ActiveCfg = Debug|Any CPU
		{827EEEDE-5249-4077-A7F0-8863846EB9AB}.Debug|Any CPU.Build.0 = Debug|Any CPU
		{827EEEDE-5249-4077-A7F0-8863846EB9AB}.Release|Any CPU.ActiveCfg = Release|Any CPU
		{827EEEDE-5249-4077-A7F0-8863846EB9AB}.Release|Any CPU.Build.0 = Release|Any CPU
		{58C31CB5-CF96-4FB1-AFD4-5369C2F08CE3}.Debug|Any CPU.ActiveCfg = Debug|Any CPU
		{58C31CB5-CF96-4FB1-AFD4-5369C2F08CE3}.Debug|Any CPU.Build.0 = Debug|Any CPU
		{58C31CB5-CF96-4FB1-AFD4-5369C2F08CE3}.Release|Any CPU.ActiveCfg = Release|Any CPU
		{58C31CB5-CF96-4FB1-AFD4-5369C2F08CE3}.Release|Any CPU.Build.0 = Release|Any CPU
		{CD5F8CD0-D3D0-4E48-9D64-80117D2D0D72}.Debug|Any CPU.ActiveCfg = Debug|Any CPU
		{CD5F8CD0-D3D0-4E48-9D64-80117D2D0D72}.Debug|Any CPU.Build.0 = Debug|Any CPU
		{CD5F8CD0-D3D0-4E48-9D64-80117D2D0D72}.Release|Any CPU.ActiveCfg = Release|Any CPU
		{CD5F8CD0-D3D0-4E48-9D64-80117D2D0D72}.Release|Any CPU.Build.0 = Release|Any CPU
		{C6EF75B5-2743-4A97-9A3B-878A9F76D683}.Debug|Any CPU.ActiveCfg = Debug|Any CPU
		{C6EF75B5-2743-4A97-9A3B-878A9F76D683}.Debug|Any CPU.Build.0 = Debug|Any CPU
		{C6EF75B5-2743-4A97-9A3B-878A9F76D683}.Release|Any CPU.ActiveCfg = Release|Any CPU
		{C6EF75B5-2743-4A97-9A3B-878A9F76D683}.Release|Any CPU.Build.0 = Release|Any CPU
	EndGlobalSection
	GlobalSection(SolutionProperties) = preSolution
		HideSolutionNode = FALSE
	EndGlobalSection
	GlobalSection(NestedProjects) = preSolution
		{2184E902-D9B2-438A-9CA9-031821D520FE} = {A2496268-D3B0-4AF1-A385-0D640469154F}
		{DB86D055-8C45-446A-AAB8-821BE7D33DA6} = {A2496268-D3B0-4AF1-A385-0D640469154F}
		{A20E0A58-E5E8-44E7-ADDA-308D17ABF019} = {81810253-49BA-448C-AA14-E01C560F85E8}
		{868724D6-00EC-4B3F-B2D8-AEB90C01BEEB} = {81810253-49BA-448C-AA14-E01C560F85E8}
		{3E485532-492C-49C2-BD33-BC3C77759818} = {81810253-49BA-448C-AA14-E01C560F85E8}
		{8AE01A7E-AE68-46ED-B9C3-F645E74F65B8} = {81810253-49BA-448C-AA14-E01C560F85E8}
		{344EC37F-83EC-46FB-A3EB-EC4CDFE4A7EE} = {81810253-49BA-448C-AA14-E01C560F85E8}
		{9A409D68-E4AE-44C1-BE93-A7F4823ED8A7} = {1D209FDB-F244-4F1F-909F-BA68E79C6D5A}
		{B22740FA-4E9E-4876-BD09-A538B1A2DC65} = {494FA18E-4AE9-429F-A48F-DFB7EDDCED4F}
		{0358DD9D-4299-4711-BEDF-EF3DA8F0850F} = {494FA18E-4AE9-429F-A48F-DFB7EDDCED4F}
		{9298A086-7789-4280-8B9B-6AD8CBB713D7} = {494FA18E-4AE9-429F-A48F-DFB7EDDCED4F}
		{AB1B9210-BCB8-4F33-8EF9-9FC313CDADB8} = {02CBAA91-64A0-4AF9-935B-4886319DB5B4}
		{C5DDE3F5-C0B9-46B2-8B1F-C90E0D336261} = {67AF768D-814E-4CA7-B849-8A4C20CD205B}
		{0A97FA20-F9E8-4CDD-99BE-9173BFA1FC86} = {B108037C-D3F4-404D-9034-DCDB0ABD54E5}
		{6810964E-C03C-4AF4-B974-A45D895BB6EA} = {703104D2-1DD1-49AE-813B-4A6C78F6CC55}
		{F58A6DBD-6FAD-4171-9465-9FEDA8558A11} = {703104D2-1DD1-49AE-813B-4A6C78F6CC55}
		{870C5017-56D2-448B-95FE-FB577FBF3FBD} = {703104D2-1DD1-49AE-813B-4A6C78F6CC55}
		{CA454A30-9FDB-46E4-AFA5-F589D6B555FA} = {6810964E-C03C-4AF4-B974-A45D895BB6EA}
		{D0FE2214-67F9-4AC7-824F-FD08AC12FA72} = {F58A6DBD-6FAD-4171-9465-9FEDA8558A11}
		{282CF911-A191-4B34-B4A8-0C7F3A5636E2} = {870C5017-56D2-448B-95FE-FB577FBF3FBD}
		{54F2ED91-4CD5-4E5B-9262-E16304C48CD1} = {870C5017-56D2-448B-95FE-FB577FBF3FBD}
		{AA82490B-89BC-433A-9532-D400980D84EA} = {6810964E-C03C-4AF4-B974-A45D895BB6EA}
		{5FCC6FD0-9BEF-40F3-A192-5AC37A944A8F} = {6810964E-C03C-4AF4-B974-A45D895BB6EA}
		{EAF25B5D-C1BD-4543-B26A-84BAAA7B4808} = {F58A6DBD-6FAD-4171-9465-9FEDA8558A11}
		{E059B3B1-25E9-4664-80D3-3F18119AA61A} = {870C5017-56D2-448B-95FE-FB577FBF3FBD}
		{4D1D9565-07A4-4EE6-B113-E02942B7996A} = {6810964E-C03C-4AF4-B974-A45D895BB6EA}
		{4C15C901-644D-4707-A31B-DED6686551D9} = {F58A6DBD-6FAD-4171-9465-9FEDA8558A11}
		{60880F22-E0B4-42ED-8F8E-56DB853B44CB} = {6810964E-C03C-4AF4-B974-A45D895BB6EA}
		{BC55340E-DB40-4E2F-A6FC-4958C19FE05D} = {F58A6DBD-6FAD-4171-9465-9FEDA8558A11}
		{10FECD94-50C6-4609-AADA-D75491D79F2F} = {870C5017-56D2-448B-95FE-FB577FBF3FBD}
		{48892C15-F542-4156-B449-82874D0309B3} = {F58A6DBD-6FAD-4171-9465-9FEDA8558A11}
		{0725F719-C274-45B5-A180-AA8DA3450F13} = {870C5017-56D2-448B-95FE-FB577FBF3FBD}
		{27FB0DDA-9EBE-4C3B-9885-D120A62B29E0} = {F58A6DBD-6FAD-4171-9465-9FEDA8558A11}
		{A4AAFEBB-BA61-40F7-B6D2-4096EC871ED2} = {6810964E-C03C-4AF4-B974-A45D895BB6EA}
		{827EEEDE-5249-4077-A7F0-8863846EB9AB} = {870C5017-56D2-448B-95FE-FB577FBF3FBD}
		{58C31CB5-CF96-4FB1-AFD4-5369C2F08CE3} = {870C5017-56D2-448B-95FE-FB577FBF3FBD}
		{CD5F8CD0-D3D0-4E48-9D64-80117D2D0D72} = {870C5017-56D2-448B-95FE-FB577FBF3FBD}
		{C6EF75B5-2743-4A97-9A3B-878A9F76D683} = {F58A6DBD-6FAD-4171-9465-9FEDA8558A11}
	EndGlobalSection
	GlobalSection(ExtensibilityGlobals) = postSolution
		SolutionGuid = {1B79D3D0-8781-4722-9C2B-7667A5385E62}
	EndGlobalSection
EndGlobal
